
Microsoft Visual Studio Solution File, Format Version 12.00
# Visual Studio Version 16
VisualStudioVersion = 16.0.29519.181
MinimumVisualStudioVersion = 10.0.40219.1
Project("{FAE04EC0-301F-11D3-BF4B-00C04F79EFBC}") = "StoreAPI.asp.net", "StoreAPI.asp.net\StoreAPI.asp.net.csproj", "{7FE8F099-0524-4724-957F-02C584CF549A}"
EndProject
Project("{FAE04EC0-301F-11D3-BF4B-00C04F79EFBC}") = "DataAccessLayer", "DataAccessLayer\DataAccessLayer.csproj", "{1AE27F97-DE9C-40D4-8058-3B0406642277}"
EndProject
Project("{FAE04EC0-301F-11D3-BF4B-00C04F79EFBC}") = "BusinesLayer", "BusinesLayer\BusinesLayer.csproj", "{27F49E65-DD60-4F85-B1B5-87CD2BC7A8E9}"
EndProject
Global
	GlobalSection(SolutionConfigurationPlatforms) = preSolution
		Debug|Any CPU = Debug|Any CPU
		Release|Any CPU = Release|Any CPU
	EndGlobalSection
	GlobalSection(ProjectConfigurationPlatforms) = postSolution
		{7FE8F099-0524-4724-957F-02C584CF549A}.Debug|Any CPU.ActiveCfg = Debug|Any CPU
		{7FE8F099-0524-4724-957F-02C584CF549A}.Debug|Any CPU.Build.0 = Debug|Any CPU
		{7FE8F099-0524-4724-957F-02C584CF549A}.Release|Any CPU.ActiveCfg = Release|Any CPU
		{7FE8F099-0524-4724-957F-02C584CF549A}.Release|Any CPU.Build.0 = Release|Any CPU
		{1AE27F97-DE9C-40D4-8058-3B0406642277}.Debug|Any CPU.ActiveCfg = Debug|Any CPU
		{1AE27F97-DE9C-40D4-8058-3B0406642277}.Debug|Any CPU.Build.0 = Debug|Any CPU
		{1AE27F97-DE9C-40D4-8058-3B0406642277}.Release|Any CPU.ActiveCfg = Release|Any CPU
		{1AE27F97-DE9C-40D4-8058-3B0406642277}.Release|Any CPU.Build.0 = Release|Any CPU
		{27F49E65-DD60-4F85-B1B5-87CD2BC7A8E9}.Debug|Any CPU.ActiveCfg = Debug|Any CPU
		{27F49E65-DD60-4F85-B1B5-87CD2BC7A8E9}.Debug|Any CPU.Build.0 = Debug|Any CPU
		{27F49E65-DD60-4F85-B1B5-87CD2BC7A8E9}.Release|Any CPU.ActiveCfg = Release|Any CPU
		{27F49E65-DD60-4F85-B1B5-87CD2BC7A8E9}.Release|Any CPU.Build.0 = Release|Any CPU
	EndGlobalSection
	GlobalSection(SolutionProperties) = preSolution
		HideSolutionNode = FALSE
	EndGlobalSection
	GlobalSection(ExtensibilityGlobals) = postSolution
		SolutionGuid = {FABB1A23-6A90-4AAC-84DF-610E106FEF38}
	EndGlobalSection
EndGlobal
